
Microsoft Visual Studio Solution File, Format Version 12.00
# Visual Studio Version 17
VisualStudioVersion = 17.11.35219.272
MinimumVisualStudioVersion = 10.0.40219.1
Project("{FAE04EC0-301F-11D3-BF4B-00C04F79EFBC}") = "BaiTapVeNha03", "BaiTapVeNha03.csproj", "{57DC16AB-BC18-4312-B99F-12C17E68FEE5}"
EndProject
Global
	GlobalSection(SolutionConfigurationPlatforms) = preSolution
		Debug|Any CPU = Debug|Any CPU
		Release|Any CPU = Release|Any CPU
	EndGlobalSection
	GlobalSection(ProjectConfigurationPlatforms) = postSolution
		{57DC16AB-BC18-4312-B99F-12C17E68FEE5}.Debug|Any CPU.ActiveCfg = Debug|Any CPU
		{57DC16AB-BC18-4312-B99F-12C17E68FEE5}.Debug|Any CPU.Build.0 = Debug|Any CPU
		{57DC16AB-BC18-4312-B99F-12C17E68FEE5}.Release|Any CPU.ActiveCfg = Release|Any CPU
		{57DC16AB-BC18-4312-B99F-12C17E68FEE5}.Release|Any CPU.Build.0 = Release|Any CPU
	EndGlobalSection
	GlobalSection(SolutionProperties) = preSolution
		HideSolutionNode = FALSE
	EndGlobalSection
	GlobalSection(ExtensibilityGlobals) = postSolution
		SolutionGuid = {400026EC-F2A9-4B44-A608-E0DE677AB868}
	EndGlobalSection
EndGlobal
