
Microsoft Visual Studio Solution File, Format Version 12.00
# Visual Studio Version 17
VisualStudioVersion = 17.11.35219.272
MinimumVisualStudioVersion = 10.0.40219.1
Project("{FAE04EC0-301F-11D3-BF4B-00C04F79EFBC}") = "BaiTap03", "BaiTap03.csproj", "{889937A2-934D-4F18-B686-A7A12B77B872}"
EndProject
Global
	GlobalSection(SolutionConfigurationPlatforms) = preSolution
		Debug|Any CPU = Debug|Any CPU
		Release|Any CPU = Release|Any CPU
	EndGlobalSection
	GlobalSection(ProjectConfigurationPlatforms) = postSolution
		{889937A2-934D-4F18-B686-A7A12B77B872}.Debug|Any CPU.ActiveCfg = Debug|Any CPU
		{889937A2-934D-4F18-B686-A7A12B77B872}.Debug|Any CPU.Build.0 = Debug|Any CPU
		{889937A2-934D-4F18-B686-A7A12B77B872}.Release|Any CPU.ActiveCfg = Release|Any CPU
		{889937A2-934D-4F18-B686-A7A12B77B872}.Release|Any CPU.Build.0 = Release|Any CPU
	EndGlobalSection
	GlobalSection(SolutionProperties) = preSolution
		HideSolutionNode = FALSE
	EndGlobalSection
	GlobalSection(ExtensibilityGlobals) = postSolution
		SolutionGuid = {71CE0749-E130-409B-BA71-97AC648268E6}
	EndGlobalSection
EndGlobal
